
Microsoft Visual Studio Solution File, Format Version 12.00
# Visual Studio 15
VisualStudioVersion = 15.0.26730.16
MinimumVisualStudioVersion = 10.0.40219.1
Project("{8BC9CEB8-8B4A-11D0-8D11-00A0C91BC942}") = "Compiler_Lib", "Compiler_Lib\Compiler_Lib.vcxproj", "{BC3B0B54-7CD9-4AAF-8733-201DFE327A03}"
EndProject
Project("{8BC9CEB8-8B4A-11D0-8D11-00A0C91BC942}") = "Compiler_exe", "Compiler_exe\Compiler_exe.vcxproj", "{8CEDD573-BC23-4600-9A78-D31314742181}"
EndProject
Project("{8BC9CEB8-8B4A-11D0-8D11-00A0C91BC942}") = "Compiler_Test", "Compiler_Test\Compiler_Test.vcxproj", "{01A38379-28B4-487A-9616-B1A0080D8B80}"
EndProject
Global
	GlobalSection(SolutionConfigurationPlatforms) = preSolution
		Debug|x64 = Debug|x64
		Debug|x86 = Debug|x86
		Release|x64 = Release|x64
		Release|x86 = Release|x86
	EndGlobalSection
	GlobalSection(ProjectConfigurationPlatforms) = postSolution
		{BC3B0B54-7CD9-4AAF-8733-201DFE327A03}.Debug|x64.ActiveCfg = Debug|x64
		{BC3B0B54-7CD9-4AAF-8733-201DFE327A03}.Debug|x64.Build.0 = Debug|x64
		{BC3B0B54-7CD9-4AAF-8733-201DFE327A03}.Debug|x86.ActiveCfg = Debug|Win32
		{BC3B0B54-7CD9-4AAF-8733-201DFE327A03}.Debug|x86.Build.0 = Debug|Win32
		{BC3B0B54-7CD9-4AAF-8733-201DFE327A03}.Release|x64.ActiveCfg = Release|x64
		{BC3B0B54-7CD9-4AAF-8733-201DFE327A03}.Release|x64.Build.0 = Release|x64
		{BC3B0B54-7CD9-4AAF-8733-201DFE327A03}.Release|x86.ActiveCfg = Release|Win32
		{BC3B0B54-7CD9-4AAF-8733-201DFE327A03}.Release|x86.Build.0 = Release|Win32
		{8CEDD573-BC23-4600-9A78-D31314742181}.Debug|x64.ActiveCfg = Debug|x64
		{8CEDD573-BC23-4600-9A78-D31314742181}.Debug|x64.Build.0 = Debug|x64
		{8CEDD573-BC23-4600-9A78-D31314742181}.Debug|x86.ActiveCfg = Debug|Win32
		{8CEDD573-BC23-4600-9A78-D31314742181}.Debug|x86.Build.0 = Debug|Win32
		{8CEDD573-BC23-4600-9A78-D31314742181}.Release|x64.ActiveCfg = Release|x64
		{8CEDD573-BC23-4600-9A78-D31314742181}.Release|x64.Build.0 = Release|x64
		{8CEDD573-BC23-4600-9A78-D31314742181}.Release|x86.ActiveCfg = Release|Win32
		{8CEDD573-BC23-4600-9A78-D31314742181}.Release|x86.Build.0 = Release|Win32
		{01A38379-28B4-487A-9616-B1A0080D8B80}.Debug|x64.ActiveCfg = Debug|x64
		{01A38379-28B4-487A-9616-B1A0080D8B80}.Debug|x64.Build.0 = Debug|x64
		{01A38379-28B4-487A-9616-B1A0080D8B80}.Debug|x86.ActiveCfg = Debug|Win32
		{01A38379-28B4-487A-9616-B1A0080D8B80}.Debug|x86.Build.0 = Debug|Win32
		{01A38379-28B4-487A-9616-B1A0080D8B80}.Release|x64.ActiveCfg = Release|x64
		{01A38379-28B4-487A-9616-B1A0080D8B80}.Release|x64.Build.0 = Release|x64
		{01A38379-28B4-487A-9616-B1A0080D8B80}.Release|x86.ActiveCfg = Release|Win32
		{01A38379-28B4-487A-9616-B1A0080D8B80}.Release|x86.Build.0 = Release|Win32
	EndGlobalSection
	GlobalSection(SolutionProperties) = preSolution
		HideSolutionNode = FALSE
	EndGlobalSection
	GlobalSection(ExtensibilityGlobals) = postSolution
		SolutionGuid = {1714C607-5811-4E44-9F78-21A425CC9D98}
	EndGlobalSection
EndGlobal
